
Microsoft Visual Studio Solution File, Format Version 12.00
# Visual Studio Version 17
VisualStudioVersion = 17.9.34728.123
MinimumVisualStudioVersion = 10.0.40219.1
Project("{FAE04EC0-301F-11D3-BF4B-00C04F79EFBC}") = "ABS3", "ABS3\ABS3.csproj", "{342A10AA-0F2E-4DF8-97D3-73502193F6BA}"
EndProject
Global
	GlobalSection(SolutionConfigurationPlatforms) = preSolution
		Debug|Any CPU = Debug|Any CPU
		Release|Any CPU = Release|Any CPU
	EndGlobalSection
	GlobalSection(ProjectConfigurationPlatforms) = postSolution
		{342A10AA-0F2E-4DF8-97D3-73502193F6BA}.Debug|Any CPU.ActiveCfg = Debug|Any CPU
		{342A10AA-0F2E-4DF8-97D3-73502193F6BA}.Debug|Any CPU.Build.0 = Debug|Any CPU
		{342A10AA-0F2E-4DF8-97D3-73502193F6BA}.Release|Any CPU.ActiveCfg = Release|Any CPU
		{342A10AA-0F2E-4DF8-97D3-73502193F6BA}.Release|Any CPU.Build.0 = Release|Any CPU
	EndGlobalSection
	GlobalSection(SolutionProperties) = preSolution
		HideSolutionNode = FALSE
	EndGlobalSection
	GlobalSection(ExtensibilityGlobals) = postSolution
		SolutionGuid = {916CCC08-E08B-489E-A93F-5D2E11EF32B3}
	EndGlobalSection
EndGlobal
